{
  "name": "easy-adyen-encrypt",
  "version": "1.0.1",
  "lockfileVersion": 1,
  "requires": true,
  "dependencies": {
    "node-adyen-encrypt": {
      "version": "2.3.1",
      "resolved": "https://registry.npmjs.org/node-adyen-encrypt/-/node-adyen-encrypt-2.3.1.tgz",
      "integrity": "sha512-CxvkVDBqXtP598ycPzn7dETROHQ4LKQVcW/IqqOtI5b8aKfROpqeQL+NYlKY28fHt/WMuQmfMSUf8SW2BW2KKA=="
    }
  }
}
